
Microsoft Visual Studio Solution File, Format Version 12.00
# Visual Studio Version 17
VisualStudioVersion = 17.7.34202.233
MinimumVisualStudioVersion = 10.0.40219.1
Project("{FAE04EC0-301F-11D3-BF4B-00C04F79EFBC}") = "cpm_ebelge", "cpm_ebelge\cpm_ebelge.csproj", "{56528932-9790-489A-B96B-CFD3E6A87BC8}"
EndProject
Global
	GlobalSection(SolutionConfigurationPlatforms) = preSolution
		Debug|Any CPU = Debug|Any CPU
		Release|Any CPU = Release|Any CPU
	EndGlobalSection
	GlobalSection(ProjectConfigurationPlatforms) = postSolution
		{56528932-9790-489A-B96B-CFD3E6A87BC8}.Debug|Any CPU.ActiveCfg = Debug|Any CPU
		{56528932-9790-489A-B96B-CFD3E6A87BC8}.Debug|Any CPU.Build.0 = Debug|Any CPU
		{56528932-9790-489A-B96B-CFD3E6A87BC8}.Release|Any CPU.ActiveCfg = Release|Any CPU
		{56528932-9790-489A-B96B-CFD3E6A87BC8}.Release|Any CPU.Build.0 = Release|Any CPU
	EndGlobalSection
	GlobalSection(SolutionProperties) = preSolution
		HideSolutionNode = FALSE
	EndGlobalSection
	GlobalSection(ExtensibilityGlobals) = postSolution
		SolutionGuid = {F8E68D14-5EF9-4636-AA7D-FA3D5AF40627}
	EndGlobalSection
EndGlobal
